
Microsoft Visual Studio Solution File, Format Version 12.00
# Visual Studio Version 17
VisualStudioVersion = 17.7.34221.43
MinimumVisualStudioVersion = 10.0.40219.1
Project("{FAE04EC0-301F-11D3-BF4B-00C04F79EFBC}") = "WindowsFormsApp1", "WindowsFormsApp1\WindowsFormsApp1.csproj", "{75C06B41-7F6E-4C4F-9147-ABA6E4282046}"
EndProject
Global
	GlobalSection(SolutionConfigurationPlatforms) = preSolution
		Debug|Any CPU = Debug|Any CPU
		Release|Any CPU = Release|Any CPU
	EndGlobalSection
	GlobalSection(ProjectConfigurationPlatforms) = postSolution
		{75C06B41-7F6E-4C4F-9147-ABA6E4282046}.Debug|Any CPU.ActiveCfg = Debug|Any CPU
		{75C06B41-7F6E-4C4F-9147-ABA6E4282046}.Debug|Any CPU.Build.0 = Debug|Any CPU
		{75C06B41-7F6E-4C4F-9147-ABA6E4282046}.Release|Any CPU.ActiveCfg = Release|Any CPU
		{75C06B41-7F6E-4C4F-9147-ABA6E4282046}.Release|Any CPU.Build.0 = Release|Any CPU
	EndGlobalSection
	GlobalSection(SolutionProperties) = preSolution
		HideSolutionNode = FALSE
	EndGlobalSection
	GlobalSection(ExtensibilityGlobals) = postSolution
		SolutionGuid = {7459F008-1E49-48E4-B86F-902AD862ADDE}
	EndGlobalSection
EndGlobal
